schema: '2.0'
stages:
  pull_shelly_data:
    cmd: python export_history.py --date-from 2026-06-16 --date-to 2026-06-19 
      --output data/shelly_history.db
    deps:
    - path: export_history.py
      hash: md5
      md5: 9f3f12a4e69941342e72fb07a97e15ca
      size: 8717
    - path: params.yaml
      hash: md5
      md5: 156a248306c2b32693e5b46a006ae48f
      size: 81
    params:
      params.yaml:
        date_from: '2026-06-16'
        date_to: '2026-06-19'
        output_db: data/shelly_history.db
    outs:
    - path: data/shelly_history.db
      hash: md5
      md5: eacf18f0f76af14203c539d9053dd719
      size: 32768
