schema: '2.0'
stages:
  pull_shelly_data:
    cmd: python export_history.py --date-from 2026-06-16 --date-to 2026-06-19 
      --output data/septic_controls_history.csv
    deps:
    - path: export_history.py
      hash: md5
      md5: 5b98614f9056048978631757623d9209
      size: 6267
    - path: params.yaml
      hash: md5
      md5: 6de47063cf708459cc1a7dac3098756a
      size: 92
    params:
      params.yaml:
        date_from: '2026-06-16'
        date_to: '2026-06-19'
        output_csv: data/septic_controls_history.csv
    outs:
    - path: data/septic_controls_history.csv
      hash: md5
      md5: 7fdea566af1f24a08538c89583c83a08
      size: 3109
